
Microsoft Visual Studio Solution File, Format Version 12.00
# Visual Studio Version 17
VisualStudioVersion = 17.4.33403.182
MinimumVisualStudioVersion = 10.0.40219.1
Project("{FAE04EC0-301F-11D3-BF4B-00C04F79EFBC}") = "Assignment_2_API", "Assignment_2_API\Assignment_2_API.csproj", "{BF654E0B-0335-49E4-8B68-89CF127FA5FE}"
EndProject
Global
	GlobalSection(SolutionConfigurationPlatforms) = preSolution
		Debug|Any CPU = Debug|Any CPU
		Release|Any CPU = Release|Any CPU
	EndGlobalSection
	GlobalSection(ProjectConfigurationPlatforms) = postSolution
		{BF654E0B-0335-49E4-8B68-89CF127FA5FE}.Debug|Any CPU.ActiveCfg = Debug|Any CPU
		{BF654E0B-0335-49E4-8B68-89CF127FA5FE}.Debug|Any CPU.Build.0 = Debug|Any CPU
		{BF654E0B-0335-49E4-8B68-89CF127FA5FE}.Release|Any CPU.ActiveCfg = Release|Any CPU
		{BF654E0B-0335-49E4-8B68-89CF127FA5FE}.Release|Any CPU.Build.0 = Release|Any CPU
	EndGlobalSection
	GlobalSection(SolutionProperties) = preSolution
		HideSolutionNode = FALSE
	EndGlobalSection
	GlobalSection(ExtensibilityGlobals) = postSolution
		SolutionGuid = {F700A63F-F541-4CE1-B40D-78B2F31486AF}
	EndGlobalSection
EndGlobal
